{
  "name": "nexus-monorepo",
  "version": "0.0.1",
  "lockfileVersion": 3,
  "requires": true,
  "packages": {
    "": {
      "name": "nexus-monorepo",
      "version": "0.0.1",
      "license": "MIT",
      "workspaces": [
        "apps/*",
        "packages/*"
      ],
      "engines": {
        "node": ">=22"
      }
    },
    "apps/api": {
      "name": "@nexus/api",
      "version": "0.0.1",
      "dependencies": {
        "@nexus/agent-runtime": "*",
        "@nexus/event-system": "*",
        "@nexus/model-providers": "*",
        "@nexus/sandbox-runtime": "*",
        "@nexus/security": "*",
        "@nexus/shared": "*",
        "@nexus/tool-system": "*"
      }
    },
    "apps/cli": {
      "name": "@asynx6/nexus-cli",
      "version": "0.4.2",
      "license": "MIT",
      "bin": {
        "nexus": "bin.mjs"
      },
      "devDependencies": {
        "@nexus/agent-runtime": "*",
        "@nexus/audit": "*",
        "@nexus/event-system": "*",
        "@nexus/model-providers": "*",
        "@nexus/plugin-registry": "*",
        "@nexus/prompts": "*",
        "@nexus/security": "*",
        "@nexus/shared": "*",
        "@nexus/telemetry": "*",
        "@nexus/tool-system": "*"
      },
      "engines": {
        "node": ">=22"
      }
    },
    "apps/license-server": {
      "name": "@nexus/license-server",
      "version": "0.0.1",
      "dependencies": {
        "@nexus/security": "*",
        "@nexus/shared": "*"
      }
    },
    "apps/web": {
      "name": "@nexus/web",
      "version": "0.0.1",
      "dependencies": {
        "@nexus/event-system": "*",
        "@nexus/security": "*"
      }
    },
    "node_modules/@asynx6/nexus-cli": {
      "resolved": "apps/cli",
      "link": true
    },
    "node_modules/@asynx6/nexus-mcp": {
      "resolved": "packages/mcp-server",
      "link": true
    },
    "node_modules/@nexus/agent-runtime": {
      "resolved": "packages/agent-runtime",
      "link": true
    },
    "node_modules/@nexus/api": {
      "resolved": "apps/api",
      "link": true
    },
    "node_modules/@nexus/audit": {
      "resolved": "packages/audit",
      "link": true
    },
    "node_modules/@nexus/consensus": {
      "resolved": "packages/consensus",
      "link": true
    },
    "node_modules/@nexus/event-system": {
      "resolved": "packages/event-system",
      "link": true
    },
    "node_modules/@nexus/license-server": {
      "resolved": "apps/license-server",
      "link": true
    },
    "node_modules/@nexus/memory": {
      "resolved": "packages/memory",
      "link": true
    },
    "node_modules/@nexus/model-providers": {
      "resolved": "packages/model-providers",
      "link": true
    },
    "node_modules/@nexus/multi-agent": {
      "resolved": "packages/multi-agent",
      "link": true
    },
    "node_modules/@nexus/plugin-registry": {
      "resolved": "packages/plugin-registry",
      "link": true
    },
    "node_modules/@nexus/prompts": {
      "resolved": "packages/prompts",
      "link": true
    },
    "node_modules/@nexus/sandbox-runtime": {
      "resolved": "packages/sandbox-runtime",
      "link": true
    },
    "node_modules/@nexus/security": {
      "resolved": "packages/security",
      "link": true
    },
    "node_modules/@nexus/shared": {
      "resolved": "packages/shared",
      "link": true
    },
    "node_modules/@nexus/telemetry": {
      "resolved": "packages/telemetry",
      "link": true
    },
    "node_modules/@nexus/tool-system": {
      "resolved": "packages/tool-system",
      "link": true
    },
    "node_modules/@nexus/web": {
      "resolved": "apps/web",
      "link": true
    },
    "packages/agent-runtime": {
      "name": "@nexus/agent-runtime",
      "version": "0.0.1",
      "dependencies": {
        "@nexus/event-system": "*",
        "@nexus/security": "*",
        "@nexus/tool-system": "*"
      }
    },
    "packages/audit": {
      "name": "@nexus/audit",
      "version": "0.0.1"
    },
    "packages/consensus": {
      "name": "@nexus/consensus",
      "version": "0.0.1",
      "dependencies": {
        "@nexus/event-system": "*",
        "@nexus/model-providers": "*",
        "@nexus/shared": "*"
      }
    },
    "packages/event-system": {
      "name": "@nexus/event-system",
      "version": "0.0.1",
      "dependencies": {
        "@nexus/shared": "*"
      }
    },
    "packages/mcp-server": {
      "name": "@asynx6/nexus-mcp",
      "version": "0.1.0",
      "license": "MIT",
      "dependencies": {
        "@nexus/event-system": "*",
        "@nexus/security": "*",
        "@nexus/shared": "*"
      },
      "bin": {
        "nexus-mcp": "src/cli.js"
      },
      "engines": {
        "node": ">=22"
      }
    },
    "packages/memory": {
      "name": "@nexus/memory",
      "version": "0.0.1",
      "dependencies": {
        "@nexus/event-system": "*",
        "@nexus/shared": "*"
      }
    },
    "packages/model-providers": {
      "name": "@nexus/model-providers",
      "version": "0.0.1"
    },
    "packages/multi-agent": {
      "name": "@nexus/multi-agent",
      "version": "0.1.0",
      "dependencies": {
        "@nexus/event-system": "*",
        "@nexus/shared": "*"
      }
    },
    "packages/plugin-registry": {
      "name": "@nexus/plugin-registry",
      "version": "1.0.0"
    },
    "packages/prompts": {
      "name": "@nexus/prompts",
      "version": "0.0.1"
    },
    "packages/sandbox-runtime": {
      "name": "@nexus/sandbox-runtime",
      "version": "0.0.1"
    },
    "packages/security": {
      "name": "@nexus/security",
      "version": "0.0.1",
      "dependencies": {
        "@nexus/event-system": "*"
      }
    },
    "packages/shared": {
      "name": "@nexus/shared",
      "version": "0.0.1"
    },
    "packages/telemetry": {
      "name": "@nexus/telemetry",
      "version": "1.0.0"
    },
    "packages/tool-system": {
      "name": "@nexus/tool-system",
      "version": "0.0.1",
      "dependencies": {
        "@nexus/event-system": "*",
        "@nexus/sandbox-runtime": "*",
        "@nexus/security": "*",
        "@nexus/shared": "*"
      }
    }
  }
}
