{
  "name": "nexus-monorepo",
  "version": "0.0.1",
  "lockfileVersion": 3,
  "requires": true,
  "packages": {
    "": {
      "name": "nexus-monorepo",
      "version": "0.0.1",
      "license": "MIT",
      "workspaces": [
        "apps/*",
        "packages/*"
      ],
      "engines": {
        "node": ">=22"
      }
    },
    "apps/api": {
      "name": "@asynx6/nexus-api",
      "version": "0.0.1",
      "dependencies": {
        "@asynx6/nexus-agent-runtime": "*",
        "@asynx6/nexus-event-system": "*",
        "@asynx6/nexus-model-providers": "*",
        "@asynx6/nexus-sandbox-runtime": "*",
        "@asynx6/nexus-security": "*",
        "@asynx6/nexus-shared": "*",
        "@asynx6/nexus-tool-system": "*"
      }
    },
    "apps/cli": {
      "name": "@asynx6/nexus-cli",
      "version": "0.6.0",
      "license": "MIT",
      "bin": {
        "nexus": "bin.mjs"
      },
      "devDependencies": {
        "@asynx6/nexus-agent-runtime": "*",
        "@asynx6/nexus-audit": "*",
        "@asynx6/nexus-event-system": "*",
        "@asynx6/nexus-model-providers": "*",
        "@asynx6/nexus-plugin-registry": "*",
        "@asynx6/nexus-prompts": "*",
        "@asynx6/nexus-security": "*",
        "@asynx6/nexus-shared": "*",
        "@asynx6/nexus-telemetry": "*",
        "@asynx6/nexus-tool-system": "*"
      },
      "engines": {
        "node": ">=22"
      }
    },
    "apps/license-server": {
      "name": "@asynx6/license-server",
      "version": "0.0.1",
      "dependencies": {
        "@asynx6/nexus-security": "*",
        "@asynx6/nexus-shared": "*"
      }
    },
    "apps/web": {
      "name": "@asynx6/web",
      "version": "0.0.1",
      "dependencies": {
        "@asynx6/nexus-event-system": "*",
        "@asynx6/nexus-security": "*"
      }
    },
    "node_modules/@asynx6/license-server": {
      "resolved": "apps/license-server",
      "link": true
    },
    "node_modules/@asynx6/nexus-agent-runtime": {
      "resolved": "packages/agent-runtime",
      "link": true
    },
    "node_modules/@asynx6/nexus-api": {
      "resolved": "apps/api",
      "link": true
    },
    "node_modules/@asynx6/nexus-audit": {
      "resolved": "packages/audit",
      "link": true
    },
    "node_modules/@asynx6/nexus-cli": {
      "resolved": "apps/cli",
      "link": true
    },
    "node_modules/@asynx6/nexus-consensus": {
      "resolved": "packages/consensus",
      "link": true
    },
    "node_modules/@asynx6/nexus-event-system": {
      "resolved": "packages/event-system",
      "link": true
    },
    "node_modules/@asynx6/nexus-mcp": {
      "resolved": "packages/mcp-server",
      "link": true
    },
    "node_modules/@asynx6/nexus-memory": {
      "resolved": "packages/memory",
      "link": true
    },
    "node_modules/@asynx6/nexus-model-providers": {
      "resolved": "packages/model-providers",
      "link": true
    },
    "node_modules/@asynx6/nexus-multi-agent": {
      "resolved": "packages/multi-agent",
      "link": true
    },
    "node_modules/@asynx6/nexus-plugin-registry": {
      "resolved": "packages/plugin-registry",
      "link": true
    },
    "node_modules/@asynx6/nexus-prompts": {
      "resolved": "packages/prompts",
      "link": true
    },
    "node_modules/@asynx6/nexus-sandbox-runtime": {
      "resolved": "packages/sandbox-runtime",
      "link": true
    },
    "node_modules/@asynx6/nexus-security": {
      "resolved": "packages/security",
      "link": true
    },
    "node_modules/@asynx6/nexus-shared": {
      "resolved": "packages/shared",
      "link": true
    },
    "node_modules/@asynx6/nexus-telemetry": {
      "resolved": "packages/telemetry",
      "link": true
    },
    "node_modules/@asynx6/nexus-tool-system": {
      "resolved": "packages/tool-system",
      "link": true
    },
    "node_modules/@asynx6/web": {
      "resolved": "apps/web",
      "link": true
    },
    "packages/agent-runtime": {
      "name": "@asynx6/nexus-agent-runtime",
      "version": "0.0.1",
      "dependencies": {
        "@asynx6/nexus-event-system": "*",
        "@asynx6/nexus-security": "*",
        "@asynx6/nexus-tool-system": "*"
      }
    },
    "packages/audit": {
      "name": "@asynx6/nexus-audit",
      "version": "0.0.1"
    },
    "packages/consensus": {
      "name": "@asynx6/nexus-consensus",
      "version": "0.0.1",
      "dependencies": {
        "@asynx6/nexus-event-system": "*",
        "@asynx6/nexus-model-providers": "*",
        "@asynx6/nexus-shared": "*"
      }
    },
    "packages/event-system": {
      "name": "@asynx6/nexus-event-system",
      "version": "0.0.1",
      "dependencies": {
        "@asynx6/nexus-shared": "*"
      }
    },
    "packages/mcp-server": {
      "name": "@asynx6/nexus-mcp",
      "version": "0.1.0",
      "license": "MIT",
      "dependencies": {
        "@asynx6/nexus-event-system": "*",
        "@asynx6/nexus-security": "*",
        "@asynx6/nexus-shared": "*"
      },
      "bin": {
        "nexus-mcp": "src/cli.js"
      },
      "engines": {
        "node": ">=22"
      }
    },
    "packages/memory": {
      "name": "@asynx6/nexus-memory",
      "version": "0.0.1",
      "dependencies": {
        "@asynx6/nexus-event-system": "*",
        "@asynx6/nexus-shared": "*"
      }
    },
    "packages/model-providers": {
      "name": "@asynx6/nexus-model-providers",
      "version": "0.0.1"
    },
    "packages/multi-agent": {
      "name": "@asynx6/nexus-multi-agent",
      "version": "0.1.0",
      "dependencies": {
        "@asynx6/nexus-event-system": "*",
        "@asynx6/nexus-shared": "*"
      }
    },
    "packages/plugin-registry": {
      "name": "@asynx6/nexus-plugin-registry",
      "version": "1.0.0"
    },
    "packages/prompts": {
      "name": "@asynx6/nexus-prompts",
      "version": "0.0.1"
    },
    "packages/sandbox-runtime": {
      "name": "@asynx6/nexus-sandbox-runtime",
      "version": "0.0.1"
    },
    "packages/security": {
      "name": "@asynx6/nexus-security",
      "version": "0.0.1",
      "dependencies": {
        "@asynx6/nexus-event-system": "*"
      }
    },
    "packages/shared": {
      "name": "@asynx6/nexus-shared",
      "version": "0.0.1"
    },
    "packages/telemetry": {
      "name": "@asynx6/nexus-telemetry",
      "version": "1.0.0"
    },
    "packages/tool-system": {
      "name": "@asynx6/nexus-tool-system",
      "version": "0.0.1",
      "dependencies": {
        "@asynx6/nexus-event-system": "*",
        "@asynx6/nexus-sandbox-runtime": "*",
        "@asynx6/nexus-security": "*",
        "@asynx6/nexus-shared": "*"
      }
    }
  }
}
